
Microsoft Visual Studio Solution File, Format Version 12.00
# Visual Studio Version 17
VisualStudioVersion = 17.14.36511.14 d17.14
MinimumVisualStudioVersion = 10.0.40219.1
Project("{FAE04EC0-301F-11D3-BF4B-00C04F79EFBC}") = "ClientLib", "ClientLib.csproj", "{3573A469-7577-405E-89F1-B7B8FDF9855C}"
EndProject
Global
	GlobalSection(SolutionConfigurationPlatforms) = preSolution
		Debug|Any CPU = Debug|Any CPU
		Release|Any CPU = Release|Any CPU
	EndGlobalSection
	GlobalSection(ProjectConfigurationPlatforms) = postSolution
		{3573A469-7577-405E-89F1-B7B8FDF9855C}.Debug|Any CPU.ActiveCfg = Debug|Any CPU
		{3573A469-7577-405E-89F1-B7B8FDF9855C}.Debug|Any CPU.Build.0 = Debug|Any CPU
		{3573A469-7577-405E-89F1-B7B8FDF9855C}.Release|Any CPU.ActiveCfg = Release|Any CPU
		{3573A469-7577-405E-89F1-B7B8FDF9855C}.Release|Any CPU.Build.0 = Release|Any CPU
	EndGlobalSection
	GlobalSection(SolutionProperties) = preSolution
		HideSolutionNode = FALSE
	EndGlobalSection
	GlobalSection(ExtensibilityGlobals) = postSolution
		SolutionGuid = {953E8DB2-07C5-4DA9-BA38-7872527DC1A3}
	EndGlobalSection
EndGlobal
